// !$*UTF8*$!
{
	archiveVersion = 1;
	classes = {
	};
	objectVersion = 46;
	objects = {

/* Begin PBXBuildFile section */
		F71421911F4370B3009E8F9C /* AppDelegate.swift in Sources */ = {isa = PBXBuildFile; fileRef = F71421901F4370B3009E8F9C /* AppDelegate.swift */; };
		F71421931F4370B3009E8F9C /* ViewController.swift in Sources */ = {isa = PBXBuildFile; fileRef = F71421921F4370B3009E8F9C /* ViewController.swift */; };
		F71421961F4370B3009E8F9C /* Main.storyboard in Resources */ = {isa = PBXBuildFile; fileRef = F71421941F4370B3009E8F9C /* Main.storyboard */; };
		F71421981F4370B3009E8F9C /* Assets.xcassets in Resources */ = {isa = PBXBuildFile; fileRef = F71421971F4370B3009E8F9C /* Assets.xcassets */; };
		F714219B1F4370B3009E8F9C /* LaunchScreen.storyboard in Resources */ = {isa = PBXBuildFile; fileRef = F71421991F4370B3009E8F9C /* LaunchScreen.storyboard */; };
		F71421A61F4370B3009E8F9C /* CalculatorTests.swift in Sources */ = {isa = PBXBuildFile; fileRef = F71421A51F4370B3009E8F9C /* CalculatorTests.swift */; };
		F71421B11F4370B3009E8F9C /* CalculatorUITests.swift in Sources */ = {isa = PBXBuildFile; fileRef = F71421B01F4370B3009E8F9C /* CalculatorUITests.swift */; };
/* End PBXBuildFile section */

/* Begin PBXContainerItemProxy section */
		F71421A21F4370B3009E8F9C /* PBXContainerItemProxy */ = {
			isa = PBXContainerItemProxy;
			containerPortal = F71421851F4370B3009E8F9C /* Project object */;
			proxyType = 1;
			remoteGlobalIDString = F714218C1F4370B3009E8F9C;
			remoteInfo = Calculator;
		};
		F71421AD1F4370B3009E8F9C /* PBXContainerItemProxy */ = {
			isa = PBXContainerItemProxy;
			containerPortal = F71421851F4370B3009E8F9C /* Project object */;
			proxyType = 1;
			remoteGlobalIDString = F714218C1F4370B3009E8F9C;
			remoteInfo = Calculator;
		};
/* End PBXContainerItemProxy section */

/* Begin PBXFileReference section */
		F714218D1F4370B3009E8F9C /* Calculator.app */ = {isa = PBXFileReference; explicitFileType = wrapper.application; includeInIndex = 0; path = Calculator.app; sourceTree = BUILT_PRODUCTS_DIR; };
		F71421901F4370B3009E8F9C /* AppDelegate.swift */ = {isa = PBXFileReference; lastKnownFileType = sourcecode.swift; path = AppDelegate.swift; sourceTree = "<group>"; };
		F71421921F4370B3009E8F9C /* ViewController.swift */ = {isa = PBXFileReference; lastKnownFileType = sourcecode.swift; path = ViewController.swift; sourceTree = "<group>"; };
		F71421951F4370B3009E8F9C /* Base */ = {isa = PBXFileReference; lastKnownFileType = file.storyboard; name = Base; path = Base.lproj/Main.storyboard; sourceTree = "<group>"; };
		F71421971F4370B3009E8F9C /* Assets.xcassets */ = {isa = PBXFileReference; lastKnownFileType = folder.assetcatalog; path = Assets.xcassets; sourceTree = "<group>"; };
		F714219A1F4370B3009E8F9C /* Base */ = {isa = PBXFileReference; lastKnownFileType = file.storyboard; name = Base; path = Base.lproj/LaunchScreen.storyboard; sourceTree = "<group>"; };
		F714219C1F4370B3009E8F9C /* Info.plist */ = {isa = PBXFileReference; lastKnownFileType = text.plist.xml; path = Info.plist; sourceTree = "<group>"; };
		F71421A11F4370B3009E8F9C /* CalculatorTests.xctest */ = {isa = PBXFileReference; explicitFileType = wrapper.cfbundle; includeInIndex = 0; path = CalculatorTests.xctest; sourceTree = BUILT_PRODUCTS_DIR; };
		F71421A51F4370B3009E8F9C /* CalculatorTests.swift */ = {isa = PBXFileReference; lastKnownFileType = sourcecode.swift; path = CalculatorTests.swift; sourceTree = "<group>"; };
		F71421A71F4370B3009E8F9C /* Info.plist */ = {isa = PBXFileReference; lastKnownFileType = text.plist.xml; path = Info.plist; sourceTree = "<group>"; };
		F71421AC1F4370B3009E8F9C /* CalculatorUITests.xctest */ = {isa = PBXFileReference; explicitFileType = wrapper.cfbundle; includeInIndex = 0; path = CalculatorUITests.xctest; sourceTree = BUILT_PRODUCTS_DIR; };
		F71421B01F4370B3009E8F9C /* CalculatorUITests.swift */ = {isa = PBXFileReference; lastKnownFileType = sourcecode.swift; path = CalculatorUITests.swift; sourceTree = "<group>"; };
		F71421B21F4370B3009E8F9C /* Info.plist */ = {isa = PBXFileReference; lastKnownFileType = text.plist.xml; path = Info.plist; sourceTree = "<group>"; };
/* End PBXFileReference section */

/* Begin PBXFrameworksBuildPhase section */
		F714218A1F4370B3009E8F9C /* Frameworks */ = {
			isa = PBXFrameworksBuildPhase;
			buildActionMask = 2147483647;
			files = (
			);
			runOnlyForDeploymentPostprocessing = 0;
		};
		F714219E1F4370B3009E8F9C /* Frameworks */ = {
			isa = PBXFrameworksBuildPhase;
			buildActionMask = 2147483647;
			files = (
			);
			runOnlyForDeploymentPostprocessing = 0;
		};
		F71421A91F4370B3009E8F9C /* Frameworks */ = {
			isa = PBXFrameworksBuildPhase;
			buildActionMask = 2147483647;
			files = (
			);
			runOnlyForDeploymentPostprocessing = 0;
		};
/* End PBXFrameworksBuildPhase section */

/* Begin PBXGroup section */
		F71421841F4370B3009E8F9C = {
			isa = PBXGroup;
			children = (
				F714218F1F4370B3009E8F9C /* Calculator */,
				F71421A41F4370B3009E8F9C /* CalculatorTests */,
				F71421AF1F4370B3009E8F9C /* CalculatorUITests */,
				F714218E1F4370B3009E8F9C /* Products */,
			);
			sourceTree = "<group>";
		};
		F714218E1F4370B3009E8F9C /* Products */ = {
			isa = PBXGroup;
			children = (
				F714218D1F4370B3009E8F9C /* Calculator.app */,
				F71421A11F4370B3009E8F9C /* CalculatorTests.xctest */,
				F71421AC1F4370B3009E8F9C /* CalculatorUITests.xctest */,
			);
			name = Products;
			sourceTree = "<group>";
		};
		F714218F1F4370B3009E8F9C /* Calculator */ = {
			isa = PBXGroup;
			children = (
				F71421901F4370B3009E8F9C /* AppDelegate.swift */,
				F71421921F4370B3009E8F9C /* ViewController.swift */,
				F71421941F4370B3009E8F9C /* Main.storyboard */,
				F71421971F4370B3009E8F9C /* Assets.xcassets */,
				F71421991F4370B3009E8F9C /* LaunchScreen.storyboard */,
				F714219C1F4370B3009E8F9C /* Info.plist */,
			);
			path = Calculator;
			sourceTree = "<group>";
		};
		F71421A41F4370B3009E8F9C /* CalculatorTests */ = {
			isa = PBXGroup;
			children = (
				F71421A51F4370B3009E8F9C /* CalculatorTests.swift */,
				F71421A71F4370B3009E8F9C /* Info.plist */,
			);
			path = CalculatorTests;
			sourceTree = "<group>";
		};
		F71421AF1F4370B3009E8F9C /* CalculatorUITests */ = {
			isa = PBXGroup;
			children = (
				F71421B01F4370B3009E8F9C /* CalculatorUITests.swift */,
				F71421B21F4370B3009E8F9C /* Info.plist */,
			);
			path = CalculatorUITests;
			sourceTree = "<group>";
		};
/* End PBXGroup section */

/* Begin PBXNativeTarget section */
		F714218C1F4370B3009E8F9C /* Calculator */ = {
			isa = PBXNativeTarget;
			buildConfigurationList = F71421B51F4370B3009E8F9C /* Build configuration list for PBXNativeTarget "Calculator" */;
			buildPhases = (
				F71421891F4370B3009E8F9C /* Sources */,
				F714218A1F4370B3009E8F9C /* Frameworks */,
				F714218B1F4370B3009E8F9C /* Resources */,
			);
			buildRules = (
			);
			dependencies = (
			);
			name = Calculator;
			productName = Calculator;
			productReference = F714218D1F4370B3009E8F9C /* Calculator.app */;
			productType = "com.apple.product-type.application";
		};
		F71421A01F4370B3009E8F9C /* CalculatorTests */ = {
			isa = PBXNativeTarget;
			buildConfigurationList = F71421B81F4370B3009E8F9C /* Build configuration list for PBXNativeTarget "CalculatorTests" */;
			buildPhases = (
				F714219D1F4370B3009E8F9C /* Sources */,
				F714219E1F4370B3009E8F9C /* Frameworks */,
				F714219F1F4370B3009E8F9C /* Resources */,
			);
			buildRules = (
			);
			dependencies = (
				F71421A31F4370B3009E8F9C /* PBXTargetDependency */,
			);
			name = CalculatorTests;
			productName = CalculatorTests;
			productReference = F71421A11F4370B3009E8F9C /* CalculatorTests.xctest */;
			productType = "com.apple.product-type.bundle.unit-test";
		};
		F71421AB1F4370B3009E8F9C /* CalculatorUITests */ = {
			isa = PBXNativeTarget;
			buildConfigurationList = F71421BB1F4370B3009E8F9C /* Build configuration list for PBXNativeTarget "CalculatorUITests" */;
			buildPhases = (
				F71421A81F4370B3009E8F9C /* Sources */,
				F71421A91F4370B3009E8F9C /* Frameworks */,
				F71421AA1F4370B3009E8F9C /* Resources */,
			);
			buildRules = (
			);
			dependencies = (
				F71421AE1F4370B3009E8F9C /* PBXTargetDependency */,
			);
			name = CalculatorUITests;
			productName = CalculatorUITests;
			productReference = F71421AC1F4370B3009E8F9C /* CalculatorUITests.xctest */;
			productType = "com.apple.product-type.bundle.ui-testing";
		};
/* End PBXNativeTarget section */

/* Begin PBXProject section */
		F71421851F4370B3009E8F9C /* Project object */ = {
			isa = PBXProject;
			attributes = {
				LastSwiftUpdateCheck = 0830;
				LastUpgradeCheck = 0830;
				ORGANIZATIONNAME = nevergiveup;
				TargetAttributes = {
					F714218C1F4370B3009E8F9C = {
						CreatedOnToolsVersion = 8.3.3;
						ProvisioningStyle = Automatic;
					};
					F71421A01F4370B3009E8F9C = {
						CreatedOnToolsVersion = 8.3.3;
						ProvisioningStyle = Automatic;
						TestTargetID = F714218C1F4370B3009E8F9C;
					};
					F71421AB1F4370B3009E8F9C = {
						CreatedOnToolsVersion = 8.3.3;
						ProvisioningStyle = Automatic;
						TestTargetID = F714218C1F4370B3009E8F9C;
					};
				};
			};
			buildConfigurationList = F71421881F4370B3009E8F9C /* Build configuration list for PBXProject "Calculator" */;
			compatibilityVersion = "Xcode 3.2";
			developmentRegion = English;
			hasScannedForEncodings = 0;
			knownRegions = (
				en,
				Base,
			);
			mainGroup = F71421841F4370B3009E8F9C;
			productRefGroup = F714218E1F4370B3009E8F9C /* Products */;
			projectDirPath = "";
			projectRoot = "";
			targets = (
				F714218C1F4370B3009E8F9C /* Calculator */,
				F71421A01F4370B3009E8F9C /* CalculatorTests */,
				F71421AB1F4370B3009E8F9C /* CalculatorUITests */,
			);
		};
/* End PBXProject section */

/* Begin PBXResourcesBuildPhase section */
		F714218B1F4370B3009E8F9C /* Resources */ = {
			isa = PBXResourcesBuildPhase;
			buildActionMask = 2147483647;
			files = (
				F714219B1F4370B3009E8F9C /* LaunchScreen.storyboard in Resources */,
				F71421981F4370B3009E8F9C /* Assets.xcassets in Resources */,
				F71421961F4370B3009E8F9C /* Main.storyboard in Resources */,
			);
			runOnlyForDeploymentPostprocessing = 0;
		};
		F714219F1F4370B3009E8F9C /* Resources */ = {
			isa = PBXResourcesBuildPhase;
			buildActionMask = 2147483647;
			files = (
			);
			runOnlyForDeploymentPostprocessing = 0;
		};
		F71421AA1F4370B3009E8F9C /* Resources */ = {
			isa = PBXResourcesBuildPhase;
			buildActionMask = 2147483647;
			files = (
			);
			runOnlyForDeploymentPostprocessing = 0;
		};
/* End PBXResourcesBuildPhase section */

/* Begin PBXSourcesBuildPhase section */
		F71421891F4370B3009E8F9C /* Sources */ = {
			isa = PBXSourcesBuildPhase;
			buildActionMask = 2147483647;
			files = (
				F71421931F4370B3009E8F9C /* ViewController.swift in Sources */,
				F71421911F4370B3009E8F9C /* AppDelegate.swift in Sources */,
			);
			runOnlyForDeploymentPostprocessing = 0;
		};
		F714219D1F4370B3009E8F9C /* Sources */ = {
			isa = PBXSourcesBuildPhase;
			buildActionMask = 2147483647;
			files = (
				F71421A61F4370B3009E8F9C /* CalculatorTests.swift in Sources */,
			);
			runOnlyForDeploymentPostprocessing = 0;
		};
		F71421A81F4370B3009E8F9C /* Sources */ = {
			isa = PBXSourcesBuildPhase;
			buildActionMask = 2147483647;
			files = (
				F71421B11F4370B3009E8F9C /* CalculatorUITests.swift in Sources */,
			);
			runOnlyForDeploymentPostprocessing = 0;
		};
/* End PBXSourcesBuildPhase section */

/* Begin PBXTargetDependency section */
		F71421A31F4370B3009E8F9C /* PBXTargetDependency */ = {
			isa = PBXTargetDependency;
			target = F714218C1F4370B3009E8F9C /* Calculator */;
			targetProxy = F71421A21F4370B3009E8F9C /* PBXContainerItemProxy */;
		};
		F71421AE1F4370B3009E8F9C /* PBXTargetDependency */ = {
			isa = PBXTargetDependency;
			target = F714218C1F4370B3009E8F9C /* Calculator */;
			targetProxy = F71421AD1F4370B3009E8F9C /* PBXContainerItemProxy */;
		};
/* End PBXTargetDependency section */

/* Begin PBXVariantGroup section */
		F71421941F4370B3009E8F9C /* Main.storyboard */ = {
			isa = PBXVariantGroup;
			children = (
				F71421951F4370B3009E8F9C /* Base */,
			);
			name = Main.storyboard;
			sourceTree = "<group>";
		};
		F71421991F4370B3009E8F9C /* LaunchScreen.storyboard */ = {
			isa = PBXVariantGroup;
			children = (
				F714219A1F4370B3009E8F9C /* Base */,
			);
			name = LaunchScreen.storyboard;
			sourceTree = "<group>";
		};
/* End PBXVariantGroup section */

/* Begin XCBuildConfiguration section */
		F71421B31F4370B3009E8F9C /* Debug */ = {
			isa = XCBuildConfiguration;
			buildSettings = {
				ALWAYS_SEARCH_USER_PATHS = NO;
				CLANG_ANALYZER_NONNULL = YES;
				CLANG_ANALYZER_NUMBER_OBJECT_CONVERSION = YES_AGGRESSIVE;
				CLANG_CXX_LANGUAGE_STANDARD = "gnu++0x";
				CLANG_CXX_LIBRARY = "libc++";
				CLANG_ENABLE_MODULES = YES;
				CLANG_ENABLE_OBJC_ARC = YES;
				CLANG_WARN_BOOL_CONVERSION = YES;
				CLANG_WARN_CONSTANT_CONVERSION = YES;
				CLANG_WARN_DIRECT_OBJC_ISA_USAGE = YES_ERROR;
				CLANG_WARN_DOCUMENTATION_COMMENTS = YES;
				CLANG_WARN_EMPTY_BODY = YES;
				CLANG_WARN_ENUM_CONVERSION = YES;
				CLANG_WARN_INFINITE_RECURSION = YES;
				CLANG_WARN_INT_CONVERSION = YES;
				CLANG_WARN_OBJC_ROOT_CLASS = YES_ERROR;
				CLANG_WARN_SUSPICIOUS_MOVE = YES;
				CLANG_WARN_UNREACHABLE_CODE = YES;
				CLANG_WARN__DUPLICATE_METHOD_MATCH = YES;
				"CODE_SIGN_IDENTITY[sdk=iphoneos*]" = "iPhone Developer";
				COPY_PHASE_STRIP = NO;
				DEBUG_INFORMATION_FORMAT = dwarf;
				ENABLE_STRICT_OBJC_MSGSEND = YES;
				ENABLE_TESTABILITY = YES;
				GCC_C_LANGUAGE_STANDARD = gnu99;
				GCC_DYNAMIC_NO_PIC = NO;
				GCC_NO_COMMON_BLOCKS = YES;
				GCC_OPTIMIZATION_LEVEL = 0;
				GCC_PREPROCESSOR_DEFINITIONS = (
					"DEBUG=1",
					"$(inherited)",
				);
				GCC_WARN_64_TO_32_BIT_CONVERSION = YES;
				GCC_WARN_ABOUT_RETURN_TYPE = YES_ERROR;
				GCC_WARN_UNDECLARED_SELECTOR = YES;
				GCC_WARN_UNINITIALIZED_AUTOS = YES_AGGRESSIVE;
				GCC_WARN_UNUSED_FUNCTION = YES;
				GCC_WARN_UNUSED_VARIABLE = YES;
				IPHONEOS_DEPLOYMENT_TARGET = 10.3;
				MTL_ENABLE_DEBUG_INFO = YES;
				ONLY_ACTIVE_ARCH = YES;
				SDKROOT = iphoneos;
				SWIFT_ACTIVE_COMPILATION_CONDITIONS = DEBUG;
				SWIFT_OPTIMIZATION_LEVEL = "-Onone";
				TARGETED_DEVICE_FAMILY = "1,2";
			};
			name = Debug;
		};
		F71421B41F4370B3009E8F9C /* Release */ = {
			isa = XCBuildConfiguration;
			buildSettings = {
				ALWAYS_SEARCH_USER_PATHS = NO;
				CLANG_ANALYZER_NONNULL = YES;
				CLANG_ANALYZER_NUMBER_OBJECT_CONVERSION = YES_AGGRESSIVE;
				CLANG_CXX_LANGUAGE_STANDARD = "gnu++0x";
				CLANG_CXX_LIBRARY = "libc++";
				CLANG_ENABLE_MODULES = YES;
				CLANG_ENABLE_OBJC_ARC = YES;
				CLANG_WARN_BOOL_CONVERSION = YES;
				CLANG_WARN_CONSTANT_CONVERSION = YES;
				CLANG_WARN_DIRECT_OBJC_ISA_USAGE = YES_ERROR;
				CLANG_WARN_DOCUMENTATION_COMMENTS = YES;
				CLANG_WARN_EMPTY_BODY = YES;
				CLANG_WARN_ENUM_CONVERSION = YES;
				CLANG_WARN_INFINITE_RECURSION = YES;
				CLANG_WARN_INT_CONVERSION = YES;
				CLANG_WARN_OBJC_ROOT_CLASS = YES_ERROR;
				CLANG_WARN_SUSPICIOUS_MOVE = YES;
				CLANG_WARN_UNREACHABLE_CODE = YES;
				CLANG_WARN__DUPLICATE_METHOD_MATCH = YES;
				"CODE_SIGN_IDENTITY[sdk=iphoneos*]" = "iPhone Developer";
				COPY_PHASE_STRIP = NO;
				DEBUG_INFORMATION_FORMAT = "dwarf-with-dsym";
				ENABLE_NS_ASSERTIONS = NO;
				ENABLE_STRICT_OBJC_MSGSEND = YES;
				GCC_C_LANGUAGE_STANDARD = gnu99;
				GCC_NO_COMMON_BLOCKS = YES;
				GCC_WARN_64_TO_32_BIT_CONVERSION = YES;
				GCC_WARN_ABOUT_RETURN_TYPE = YES_ERROR;
				GCC_WARN_UNDECLARED_SELECTOR = YES;
				GCC_WARN_UNINITIALIZED_AUTOS = YES_AGGRESSIVE;
				GCC_WARN_UNUSED_FUNCTION = YES;
				GCC_WARN_UNUSED_VARIABLE = YES;
				IPHONEOS_DEPLOYMENT_TARGET = 10.3;
				MTL_ENABLE_DEBUG_INFO = NO;
				SDKROOT = iphoneos;
				SWIFT_OPTIMIZATION_LEVEL = "-Owholemodule";
				TARGETED_DEVICE_FAMILY = "1,2";
				VALIDATE_PRODUCT = YES;
			};
			name = Release;
		};
		F71421B61F4370B3009E8F9C /* Debug */ = {
			isa = XCBuildConfiguration;
			buildSettings = {
				ASSETCATALOG_COMPILER_APPICON_NAME = AppIcon;
				INFOPLIST_FILE = Calculator/Info.plist;
				LD_RUNPATH_SEARCH_PATHS = "$(inherited) @executable_path/Frameworks";
				PRODUCT_BUNDLE_IDENTIFIER = dvenkateshreddy.Calculator;
				PRODUCT_NAME = "$(TARGET_NAME)";
				SWIFT_VERSION = 3.0;
			};
			name = Debug;
		};
		F71421B71F4370B3009E8F9C /* Release */ = {
			isa = XCBuildConfiguration;
			buildSettings = {
				ASSETCATALOG_COMPILER_APPICON_NAME = AppIcon;
				INFOPLIST_FILE = Calculator/Info.plist;
				LD_RUNPATH_SEARCH_PATHS = "$(inherited) @executable_path/Frameworks";
				PRODUCT_BUNDLE_IDENTIFIER = dvenkateshreddy.Calculator;
				PRODUCT_NAME = "$(TARGET_NAME)";
				SWIFT_VERSION = 3.0;
			};
			name = Release;
		};
		F71421B91F4370B3009E8F9C /* Debug */ = {
			isa = XCBuildConfiguration;
			buildSettings = {
				ALWAYS_EMBED_SWIFT_STANDARD_LIBRARIES = YES;
				BUNDLE_LOADER = "$(TEST_HOST)";
				INFOPLIST_FILE = CalculatorTests/Info.plist;
				LD_RUNPATH_SEARCH_PATHS = "$(inherited) @executable_path/Frameworks @loader_path/Frameworks";
				PRODUCT_BUNDLE_IDENTIFIER = dvenkateshreddy.CalculatorTests;
				PRODUCT_NAME = "$(TARGET_NAME)";
				SWIFT_VERSION = 3.0;
				TEST_HOST = "$(BUILT_PRODUCTS_DIR)/Calculator.app/Calculator";
			};
			name = Debug;
		};
		F71421BA1F4370B3009E8F9C /* Release */ = {
			isa = XCBuildConfiguration;
			buildSettings = {
				ALWAYS_EMBED_SWIFT_STANDARD_LIBRARIES = YES;
				BUNDLE_LOADER = "$(TEST_HOST)";
				INFOPLIST_FILE = CalculatorTests/Info.plist;
				LD_RUNPATH_SEARCH_PATHS = "$(inherited) @executable_path/Frameworks @loader_path/Frameworks";
				PRODUCT_BUNDLE_IDENTIFIER = dvenkateshreddy.CalculatorTests;
				PRODUCT_NAME = "$(TARGET_NAME)";
				SWIFT_VERSION = 3.0;
				TEST_HOST = "$(BUILT_PRODUCTS_DIR)/Calculator.app/Calculator";
			};
			name = Release;
		};
		F71421BC1F4370B3009E8F9C /* Debug */ = {
			isa = XCBuildConfiguration;
			buildSettings = {
				ALWAYS_EMBED_SWIFT_STANDARD_LIBRARIES = YES;
				INFOPLIST_FILE = CalculatorUITests/Info.plist;
				LD_RUNPATH_SEARCH_PATHS = "$(inherited) @executable_path/Frameworks @loader_path/Frameworks";
				PRODUCT_BUNDLE_IDENTIFIER = dvenkateshreddy.CalculatorUITests;
				PRODUCT_NAME = "$(TARGET_NAME)";
				SWIFT_VERSION = 3.0;
				TEST_TARGET_NAME = Calculator;
			};
			name = Debug;
		};
		F71421BD1F4370B3009E8F9C /* Release */ = {
			isa = XCBuildConfiguration;
			buildSettings = {
				ALWAYS_EMBED_SWIFT_STANDARD_LIBRARIES = YES;
				INFOPLIST_FILE = CalculatorUITests/Info.plist;
				LD_RUNPATH_SEARCH_PATHS = "$(inherited) @executable_path/Frameworks @loader_path/Frameworks";
				PRODUCT_BUNDLE_IDENTIFIER = dvenkateshreddy.CalculatorUITests;
				PRODUCT_NAME = "$(TARGET_NAME)";
				SWIFT_VERSION = 3.0;
				TEST_TARGET_NAME = Calculator;
			};
			name = Release;
		};
/* End XCBuildConfiguration section */

/* Begin XCConfigurationList section */
		F71421881F4370B3009E8F9C /* Build configuration list for PBXProject "Calculator" */ = {
			isa = XCConfigurationList;
			buildConfigurations = (
				F71421B31F4370B3009E8F9C /* Debug */,
				F71421B41F4370B3009E8F9C /* Release */,
			);
			defaultConfigurationIsVisible = 0;
			defaultConfigurationName = Release;
		};
		F71421B51F4370B3009E8F9C /* Build configuration list for PBXNativeTarget "Calculator" */ = {
			isa = XCConfigurationList;
			buildConfigurations = (
				F71421B61F4370B3009E8F9C /* Debug */,
				F71421B71F4370B3009E8F9C /* Release */,
			);
			defaultConfigurationIsVisible = 0;
		};
		F71421B81F4370B3009E8F9C /* Build configuration list for PBXNativeTarget "CalculatorTests" */ = {
			isa = XCConfigurationList;
			buildConfigurations = (
				F71421B91F4370B3009E8F9C /* Debug */,
				F71421BA1F4370B3009E8F9C /* Release */,
			);
			defaultConfigurationIsVisible = 0;
		};
		F71421BB1F4370B3009E8F9C /* Build configuration list for PBXNativeTarget "CalculatorUITests" */ = {
			isa = XCConfigurationList;
			buildConfigurations = (
				F71421BC1F4370B3009E8F9C /* Debug */,
				F71421BD1F4370B3009E8F9C /* Release */,
			);
			defaultConfigurationIsVisible = 0;
		};
/* End XCConfigurationList section */
	};
	rootObject = F71421851F4370B3009E8F9C /* Project object */;
}
